// !$*UTF8*$!
{
	archiveVersion = 1;
	classes = {
	};
	objectVersion = 56;
	objects = {

/* Begin PBXBuildFile section */
		7719289849B668F1C4989CCB /* Pods_eTVShowTests.framework in Frameworks */ = {isa = PBXBuildFile; fileRef = 3B65797EE118998B6E6843FC /* Pods_eTVShowTests.framework */; };
		83ADF91CED2701B9893556EE /* Pods_eTVShow.framework in Frameworks */ = {isa = PBXBuildFile; fileRef = 0645AA5EAEB899868A488629 /* Pods_eTVShow.framework */; };
		B86573EB295AB167003D437F /* CreatedBy.swift in Sources */ = {isa = PBXBuildFile; fileRef = B86573EA295AB167003D437F /* CreatedBy.swift */; };
		B86573ED295AB18C003D437F /* Season.swift in Sources */ = {isa = PBXBuildFile; fileRef = B86573EC295AB18C003D437F /* Season.swift */; };
		B86573F0295AC287003D437F /* DetailViewViewModel.swift in Sources */ = {isa = PBXBuildFile; fileRef = B86573EF295AC287003D437F /* DetailViewViewModel.swift */; };
		B86573F2295AC497003D437F /* Cast.swift in Sources */ = {isa = PBXBuildFile; fileRef = B86573F1295AC497003D437F /* Cast.swift */; };
		B86573F6295AF35B003D437F /* Episode.swift in Sources */ = {isa = PBXBuildFile; fileRef = B86573F5295AF35B003D437F /* Episode.swift */; };
		B86573FB295AF532003D437F /* EpisodeView.swift in Sources */ = {isa = PBXBuildFile; fileRef = B86573FA295AF532003D437F /* EpisodeView.swift */; };
		B86573FE295B072D003D437F /* EpisodeViewModel.swift in Sources */ = {isa = PBXBuildFile; fileRef = B86573FD295B072D003D437F /* EpisodeViewModel.swift */; };
		B8AAB496295676370008EC6D /* AppDelegate.swift in Sources */ = {isa = PBXBuildFile; fileRef = B8AAB495295676370008EC6D /* AppDelegate.swift */; };
		B8AAB498295676370008EC6D /* SceneDelegate.swift in Sources */ = {isa = PBXBuildFile; fileRef = B8AAB497295676370008EC6D /* SceneDelegate.swift */; };
		B8AAB49F295676390008EC6D /* Assets.xcassets in Resources */ = {isa = PBXBuildFile; fileRef = B8AAB49E295676390008EC6D /* Assets.xcassets */; };
		B8AAB4A2295676390008EC6D /* LaunchScreen.storyboard in Resources */ = {isa = PBXBuildFile; fileRef = B8AAB4A0295676390008EC6D /* LaunchScreen.storyboard */; };
		B8AAB4AD295676390008EC6D /* eTVShowTests.swift in Sources */ = {isa = PBXBuildFile; fileRef = B8AAB4AC295676390008EC6D /* eTVShowTests.swift */; };
		B8AAB4B7295676390008EC6D /* eTVShowUITests.swift in Sources */ = {isa = PBXBuildFile; fileRef = B8AAB4B6295676390008EC6D /* eTVShowUITests.swift */; };
		B8AAB4B9295676390008EC6D /* eTVShowUITestsLaunchTests.swift in Sources */ = {isa = PBXBuildFile; fileRef = B8AAB4B8295676390008EC6D /* eTVShowUITestsLaunchTests.swift */; };
		B8AAB4C8295679A10008EC6D /* SplashRouter.swift in Sources */ = {isa = PBXBuildFile; fileRef = B8AAB4C7295679A10008EC6D /* SplashRouter.swift */; };
		B8AAB4CA29567AFE0008EC6D /* SplashPresenter.swift in Sources */ = {isa = PBXBuildFile; fileRef = B8AAB4C929567AFE0008EC6D /* SplashPresenter.swift */; };
		B8AAB4CC29567C500008EC6D /* SpashView.swift in Sources */ = {isa = PBXBuildFile; fileRef = B8AAB4CB29567C500008EC6D /* SpashView.swift */; };
		B8AAB4CE2956809C0008EC6D /* HomeView.swift in Sources */ = {isa = PBXBuildFile; fileRef = B8AAB4CD2956809C0008EC6D /* HomeView.swift */; };
		B8AAB4D1295687500008EC6D /* LoginRouter.swift in Sources */ = {isa = PBXBuildFile; fileRef = B8AAB4D0295687500008EC6D /* LoginRouter.swift */; };
		B8AAB4D3295688370008EC6D /* LoginInteractor.swift in Sources */ = {isa = PBXBuildFile; fileRef = B8AAB4D2295688370008EC6D /* LoginInteractor.swift */; };
		B8AAB4D52956891A0008EC6D /* LoginPresenter.swift in Sources */ = {isa = PBXBuildFile; fileRef = B8AAB4D42956891A0008EC6D /* LoginPresenter.swift */; };
		B8AAB4D7295689CF0008EC6D /* LoginView.swift in Sources */ = {isa = PBXBuildFile; fileRef = B8AAB4D6295689CF0008EC6D /* LoginView.swift */; };
		B8AAB4DB2956933E0008EC6D /* TextFieldWithPadding.swift in Sources */ = {isa = PBXBuildFile; fileRef = B8AAB4DA2956933E0008EC6D /* TextFieldWithPadding.swift */; };
		B8AAB4DE2956A09A0008EC6D /* UITextField+Combine.swift in Sources */ = {isa = PBXBuildFile; fileRef = B8AAB4DD2956A09A0008EC6D /* UITextField+Combine.swift */; };
		B8AAB4E42956DC660008EC6D /* LoginPresenterOutput.swift in Sources */ = {isa = PBXBuildFile; fileRef = B8AAB4E32956DC660008EC6D /* LoginPresenterOutput.swift */; };
		B8AAB4E62956DCC70008EC6D /* LoginPresenterInput.swift in Sources */ = {isa = PBXBuildFile; fileRef = B8AAB4E52956DCC70008EC6D /* LoginPresenterInput.swift */; };
		B8AAB4E92956E1A30008EC6D /* NetworkResult.swift in Sources */ = {isa = PBXBuildFile; fileRef = B8AAB4E82956E1A30008EC6D /* NetworkResult.swift */; };
		B8AAB4EB2956E1BF0008EC6D /* NetworkRouter.swift in Sources */ = {isa = PBXBuildFile; fileRef = B8AAB4EA2956E1BF0008EC6D /* NetworkRouter.swift */; };
		B8AAB4ED2956E20E0008EC6D /* NetworkManager.swift in Sources */ = {isa = PBXBuildFile; fileRef = B8AAB4EC2956E20E0008EC6D /* NetworkManager.swift */; };
		B8AAB4F02956E6380008EC6D /* TokenResponse.swift in Sources */ = {isa = PBXBuildFile; fileRef = B8AAB4EF2956E6380008EC6D /* TokenResponse.swift */; };
		B8AAB4F22956F1530008EC6D /* UIViewController+AlertController.swift in Sources */ = {isa = PBXBuildFile; fileRef = B8AAB4F12956F1530008EC6D /* UIViewController+AlertController.swift */; };
		B8AAB4F52956F4890008EC6D /* KeychainManager.swift in Sources */ = {isa = PBXBuildFile; fileRef = B8AAB4F42956F4890008EC6D /* KeychainManager.swift */; };
		B8AAB4F7295791550008EC6D /* Defaults.swift in Sources */ = {isa = PBXBuildFile; fileRef = B8AAB4F6295791550008EC6D /* Defaults.swift */; };
		B8AAB4FA29579FD80008EC6D /* HomeRouter.swift in Sources */ = {isa = PBXBuildFile; fileRef = B8AAB4F929579FD80008EC6D /* HomeRouter.swift */; };
		B8AAB4FC2957A0EA0008EC6D /* HomeInteractor.swift in Sources */ = {isa = PBXBuildFile; fileRef = B8AAB4FB2957A0EA0008EC6D /* HomeInteractor.swift */; };
		B8AAB4FF2957A1940008EC6D /* HomePresenter.swift in Sources */ = {isa = PBXBuildFile; fileRef = B8AAB4FE2957A1940008EC6D /* HomePresenter.swift */; };
		B8AAB5012957A5120008EC6D /* HomePresenterOutput.swift in Sources */ = {isa = PBXBuildFile; fileRef = B8AAB5002957A5120008EC6D /* HomePresenterOutput.swift */; };
		B8AAB5032957A55D0008EC6D /* HomePresenterInput.swift in Sources */ = {isa = PBXBuildFile; fileRef = B8AAB5022957A55D0008EC6D /* HomePresenterInput.swift */; };
		B8AAB506295978320008EC6D /* TVShow.swift in Sources */ = {isa = PBXBuildFile; fileRef = B8AAB505295978320008EC6D /* TVShow.swift */; };
		B8AAB50B295991110008EC6D /* ComposableSection.swift in Sources */ = {isa = PBXBuildFile; fileRef = B8AAB50A295991100008EC6D /* ComposableSection.swift */; };
		B8AAB50E295992D80008EC6D /* ComposableSectionOutput.swift in Sources */ = {isa = PBXBuildFile; fileRef = B8AAB50D295992D80008EC6D /* ComposableSectionOutput.swift */; };
		B8AAB511295993260008EC6D /* ComposableSectionLayouts.swift in Sources */ = {isa = PBXBuildFile; fileRef = B8AAB510295993260008EC6D /* ComposableSectionLayouts.swift */; };
		B8AAB514295994410008EC6D /* ComposableSectionDataSource.swift in Sources */ = {isa = PBXBuildFile; fileRef = B8AAB513295994410008EC6D /* ComposableSectionDataSource.swift */; };
		B8AAB517295994B60008EC6D /* TVShowCell.swift in Sources */ = {isa = PBXBuildFile; fileRef = B8AAB516295994B60008EC6D /* TVShowCell.swift */; };
		B8AAB519295996560008EC6D /* ComposableSectionDelegate.swift in Sources */ = {isa = PBXBuildFile; fileRef = B8AAB518295996560008EC6D /* ComposableSectionDelegate.swift */; };
		B8AAB542295A6E370008EC6D /* DetailView.swift in Sources */ = {isa = PBXBuildFile; fileRef = B8AAB541295A6E370008EC6D /* DetailView.swift */; };
		B8AAB545295A6E8A0008EC6D /* UIComponents.swift in Sources */ = {isa = PBXBuildFile; fileRef = B8AAB544295A6E8A0008EC6D /* UIComponents.swift */; };
		B9381E2151D55A91D30E15C9 /* Pods_eTVShow_eTVShowUITests.framework in Frameworks */ = {isa = PBXBuildFile; fileRef = 3F090E88501AAF695FCC80F9 /* Pods_eTVShow_eTVShowUITests.framework */; };
/* End PBXBuildFile section */

/* Begin PBXContainerItemProxy section */
		B8AAB4A9295676390008EC6D /* PBXContainerItemProxy */ = {
			isa = PBXContainerItemProxy;
			containerPortal = B8AAB48A295676370008EC6D /* Project object */;
			proxyType = 1;
			remoteGlobalIDString = B8AAB491295676370008EC6D;
			remoteInfo = eTVShow;
		};
		B8AAB4B3295676390008EC6D /* PBXContainerItemProxy */ = {
			isa = PBXContainerItemProxy;
			containerPortal = B8AAB48A295676370008EC6D /* Project object */;
			proxyType = 1;
			remoteGlobalIDString = B8AAB491295676370008EC6D;
			remoteInfo = eTVShow;
		};
/* End PBXContainerItemProxy section */

/* Begin PBXFileReference section */
		0645AA5EAEB899868A488629 /* Pods_eTVShow.framework */ = {isa = PBXFileReference; explicitFileType = wrapper.framework; includeInIndex = 0; path = Pods_eTVShow.framework; sourceTree = BUILT_PRODUCTS_DIR; };
		25A6F616B4E503E42FA56AE1 /* Pods-eTVShowTests.debug.xcconfig */ = {isa = PBXFileReference; includeInIndex = 1; lastKnownFileType = text.xcconfig; name = "Pods-eTVShowTests.debug.xcconfig"; path = "Target Support Files/Pods-eTVShowTests/Pods-eTVShowTests.debug.xcconfig"; sourceTree = "<group>"; };
		3B65797EE118998B6E6843FC /* Pods_eTVShowTests.framework */ = {isa = PBXFileReference; explicitFileType = wrapper.framework; includeInIndex = 0; path = Pods_eTVShowTests.framework; sourceTree = BUILT_PRODUCTS_DIR; };
		3F090E88501AAF695FCC80F9 /* Pods_eTVShow_eTVShowUITests.framework */ = {isa = PBXFileReference; explicitFileType = wrapper.framework; includeInIndex = 0; path = Pods_eTVShow_eTVShowUITests.framework; sourceTree = BUILT_PRODUCTS_DIR; };
		43F2AFA63BDE0459905D32A5 /* Pods-eTVShow.debug.xcconfig */ = {isa = PBXFileReference; includeInIndex = 1; lastKnownFileType = text.xcconfig; name = "Pods-eTVShow.debug.xcconfig"; path = "Target Support Files/Pods-eTVShow/Pods-eTVShow.debug.xcconfig"; sourceTree = "<group>"; };
		5E09B2A7378BE89209C28C4E /* Pods-eTVShow-eTVShowUITests.debug.xcconfig */ = {isa = PBXFileReference; includeInIndex = 1; lastKnownFileType = text.xcconfig; name = "Pods-eTVShow-eTVShowUITests.debug.xcconfig"; path = "Target Support Files/Pods-eTVShow-eTVShowUITests/Pods-eTVShow-eTVShowUITests.debug.xcconfig"; sourceTree = "<group>"; };
		9EE04FFC772F361769B0DA66 /* Pods-eTVShowTests.release.xcconfig */ = {isa = PBXFileReference; includeInIndex = 1; lastKnownFileType = text.xcconfig; name = "Pods-eTVShowTests.release.xcconfig"; path = "Target Support Files/Pods-eTVShowTests/Pods-eTVShowTests.release.xcconfig"; sourceTree = "<group>"; };
		B86573EA295AB167003D437F /* CreatedBy.swift */ = {isa = PBXFileReference; lastKnownFileType = sourcecode.swift; path = CreatedBy.swift; sourceTree = "<group>"; };
		B86573EC295AB18C003D437F /* Season.swift */ = {isa = PBXFileReference; lastKnownFileType = sourcecode.swift; path = Season.swift; sourceTree = "<group>"; };
		B86573EF295AC287003D437F /* DetailViewViewModel.swift */ = {isa = PBXFileReference; lastKnownFileType = sourcecode.swift; path = DetailViewViewModel.swift; sourceTree = "<group>"; };
		B86573F1295AC497003D437F /* Cast.swift */ = {isa = PBXFileReference; lastKnownFileType = sourcecode.swift; path = Cast.swift; sourceTree = "<group>"; };
		B86573F5295AF35B003D437F /* Episode.swift */ = {isa = PBXFileReference; lastKnownFileType = sourcecode.swift; path = Episode.swift; sourceTree = "<group>"; };
		B86573FA295AF532003D437F /* EpisodeView.swift */ = {isa = PBXFileReference; lastKnownFileType = sourcecode.swift; path = EpisodeView.swift; sourceTree = "<group>"; };
		B86573FD295B072D003D437F /* EpisodeViewModel.swift */ = {isa = PBXFileReference; lastKnownFileType = sourcecode.swift; path = EpisodeViewModel.swift; sourceTree = "<group>"; };
		B8AAB492295676370008EC6D /* eTVShow.app */ = {isa = PBXFileReference; explicitFileType = wrapper.application; includeInIndex = 0; path = eTVShow.app; sourceTree = BUILT_PRODUCTS_DIR; };
		B8AAB495295676370008EC6D /* AppDelegate.swift */ = {isa = PBXFileReference; lastKnownFileType = sourcecode.swift; path = AppDelegate.swift; sourceTree = "<group>"; };
		B8AAB497295676370008EC6D /* SceneDelegate.swift */ = {isa = PBXFileReference; lastKnownFileType = sourcecode.swift; path = SceneDelegate.swift; sourceTree = "<group>"; };
		B8AAB49E295676390008EC6D /* Assets.xcassets */ = {isa = PBXFileReference; lastKnownFileType = folder.assetcatalog; path = Assets.xcassets; sourceTree = "<group>"; };
		B8AAB4A1295676390008EC6D /* Base */ = {isa = PBXFileReference; lastKnownFileType = file.storyboard; name = Base; path = Base.lproj/LaunchScreen.storyboard; sourceTree = "<group>"; };
		B8AAB4A3295676390008EC6D /* Info.plist */ = {isa = PBXFileReference; lastKnownFileType = text.plist.xml; path = Info.plist; sourceTree = "<group>"; };
		B8AAB4A8295676390008EC6D /* eTVShowTests.xctest */ = {isa = PBXFileReference; explicitFileType = wrapper.cfbundle; includeInIndex = 0; path = eTVShowTests.xctest; sourceTree = BUILT_PRODUCTS_DIR; };
		B8AAB4AC295676390008EC6D /* eTVShowTests.swift */ = {isa = PBXFileReference; lastKnownFileType = sourcecode.swift; path = eTVShowTests.swift; sourceTree = "<group>"; };
		B8AAB4B2295676390008EC6D /* eTVShowUITests.xctest */ = {isa = PBXFileReference; explicitFileType = wrapper.cfbundle; includeInIndex = 0; path = eTVShowUITests.xctest; sourceTree = BUILT_PRODUCTS_DIR; };
		B8AAB4B6295676390008EC6D /* eTVShowUITests.swift */ = {isa = PBXFileReference; lastKnownFileType = sourcecode.swift; path = eTVShowUITests.swift; sourceTree = "<group>"; };
		B8AAB4B8295676390008EC6D /* eTVShowUITestsLaunchTests.swift */ = {isa = PBXFileReference; lastKnownFileType = sourcecode.swift; path = eTVShowUITestsLaunchTests.swift; sourceTree = "<group>"; };
		B8AAB4C7295679A10008EC6D /* SplashRouter.swift */ = {isa = PBXFileReference; lastKnownFileType = sourcecode.swift; path = SplashRouter.swift; sourceTree = "<group>"; };
		B8AAB4C929567AFE0008EC6D /* SplashPresenter.swift */ = {isa = PBXFileReference; lastKnownFileType = sourcecode.swift; path = SplashPresenter.swift; sourceTree = "<group>"; };
		B8AAB4CB29567C500008EC6D /* SpashView.swift */ = {isa = PBXFileReference; lastKnownFileType = sourcecode.swift; path = SpashView.swift; sourceTree = "<group>"; };
		B8AAB4CD2956809C0008EC6D /* HomeView.swift */ = {isa = PBXFileReference; lastKnownFileType = sourcecode.swift; path = HomeView.swift; sourceTree = "<group>"; };
		B8AAB4D0295687500008EC6D /* LoginRouter.swift */ = {isa = PBXFileReference; lastKnownFileType = sourcecode.swift; path = LoginRouter.swift; sourceTree = "<group>"; };
		B8AAB4D2295688370008EC6D /* LoginInteractor.swift */ = {isa = PBXFileReference; lastKnownFileType = sourcecode.swift; path = LoginInteractor.swift; sourceTree = "<group>"; };
		B8AAB4D42956891A0008EC6D /* LoginPresenter.swift */ = {isa = PBXFileReference; lastKnownFileType = sourcecode.swift; path = LoginPresenter.swift; sourceTree = "<group>"; };
		B8AAB4D6295689CF0008EC6D /* LoginView.swift */ = {isa = PBXFileReference; lastKnownFileType = sourcecode.swift; path = LoginView.swift; sourceTree = "<group>"; };
		B8AAB4DA2956933E0008EC6D /* TextFieldWithPadding.swift */ = {isa = PBXFileReference; lastKnownFileType = sourcecode.swift; path = TextFieldWithPadding.swift; sourceTree = "<group>"; };
		B8AAB4DD2956A09A0008EC6D /* UITextField+Combine.swift */ = {isa = PBXFileReference; lastKnownFileType = sourcecode.swift; path = "UITextField+Combine.swift"; sourceTree = "<group>"; };
		B8AAB4E32956DC660008EC6D /* LoginPresenterOutput.swift */ = {isa = PBXFileReference; lastKnownFileType = sourcecode.swift; path = LoginPresenterOutput.swift; sourceTree = "<group>"; };
		B8AAB4E52956DCC70008EC6D /* LoginPresenterInput.swift */ = {isa = PBXFileReference; lastKnownFileType = sourcecode.swift; path = LoginPresenterInput.swift; sourceTree = "<group>"; };
		B8AAB4E82956E1A30008EC6D /* NetworkResult.swift */ = {isa = PBXFileReference; lastKnownFileType = sourcecode.swift; path = NetworkResult.swift; sourceTree = "<group>"; };
		B8AAB4EA2956E1BF0008EC6D /* NetworkRouter.swift */ = {isa = PBXFileReference; lastKnownFileType = sourcecode.swift; path = NetworkRouter.swift; sourceTree = "<group>"; };
		B8AAB4EC2956E20E0008EC6D /* NetworkManager.swift */ = {isa = PBXFileReference; lastKnownFileType = sourcecode.swift; path = NetworkManager.swift; sourceTree = "<group>"; };
		B8AAB4EF2956E6380008EC6D /* TokenResponse.swift */ = {isa = PBXFileReference; lastKnownFileType = sourcecode.swift; path = TokenResponse.swift; sourceTree = "<group>"; };
		B8AAB4F12956F1530008EC6D /* UIViewController+AlertController.swift */ = {isa = PBXFileReference; lastKnownFileType = sourcecode.swift; path = "UIViewController+AlertController.swift"; sourceTree = "<group>"; };
		B8AAB4F42956F4890008EC6D /* KeychainManager.swift */ = {isa = PBXFileReference; lastKnownFileType = sourcecode.swift; path = KeychainManager.swift; sourceTree = "<group>"; };
		B8AAB4F6295791550008EC6D /* Defaults.swift */ = {isa = PBXFileReference; lastKnownFileType = sourcecode.swift; path = Defaults.swift; sourceTree = "<group>"; };
		B8AAB4F929579FD80008EC6D /* HomeRouter.swift */ = {isa = PBXFileReference; lastKnownFileType = sourcecode.swift; path = HomeRouter.swift; sourceTree = "<group>"; };
		B8AAB4FB2957A0EA0008EC6D /* HomeInteractor.swift */ = {isa = PBXFileReference; lastKnownFileType = sourcecode.swift; path = HomeInteractor.swift; sourceTree = "<group>"; };
		B8AAB4FE2957A1940008EC6D /* HomePresenter.swift */ = {isa = PBXFileReference; lastKnownFileType = sourcecode.swift; path = HomePresenter.swift; sourceTree = "<group>"; };
		B8AAB5002957A5120008EC6D /* HomePresenterOutput.swift */ = {isa = PBXFileReference; lastKnownFileType = sourcecode.swift; path = HomePresenterOutput.swift; sourceTree = "<group>"; };
		B8AAB5022957A55D0008EC6D /* HomePresenterInput.swift */ = {isa = PBXFileReference; lastKnownFileType = sourcecode.swift; path = HomePresenterInput.swift; sourceTree = "<group>"; };
		B8AAB505295978320008EC6D /* TVShow.swift */ = {isa = PBXFileReference; lastKnownFileType = sourcecode.swift; path = TVShow.swift; sourceTree = "<group>"; };
		B8AAB50A295991100008EC6D /* ComposableSection.swift */ = {isa = PBXFileReference; lastKnownFileType = sourcecode.swift; path = ComposableSection.swift; sourceTree = "<group>"; };
		B8AAB50D295992D80008EC6D /* ComposableSectionOutput.swift */ = {isa = PBXFileReference; lastKnownFileType = sourcecode.swift; path = ComposableSectionOutput.swift; sourceTree = "<group>"; };
		B8AAB510295993260008EC6D /* ComposableSectionLayouts.swift */ = {isa = PBXFileReference; lastKnownFileType = sourcecode.swift; path = ComposableSectionLayouts.swift; sourceTree = "<group>"; };
		B8AAB513295994410008EC6D /* ComposableSectionDataSource.swift */ = {isa = PBXFileReference; lastKnownFileType = sourcecode.swift; path = ComposableSectionDataSource.swift; sourceTree = "<group>"; };
		B8AAB516295994B60008EC6D /* TVShowCell.swift */ = {isa = PBXFileReference; lastKnownFileType = sourcecode.swift; path = TVShowCell.swift; sourceTree = "<group>"; };
		B8AAB518295996560008EC6D /* ComposableSectionDelegate.swift */ = {isa = PBXFileReference; lastKnownFileType = sourcecode.swift; path = ComposableSectionDelegate.swift; sourceTree = "<group>"; };
		B8AAB541295A6E370008EC6D /* DetailView.swift */ = {isa = PBXFileReference; lastKnownFileType = sourcecode.swift; path = DetailView.swift; sourceTree = "<group>"; };
		B8AAB544295A6E8A0008EC6D /* UIComponents.swift */ = {isa = PBXFileReference; lastKnownFileType = sourcecode.swift; path = UIComponents.swift; sourceTree = "<group>"; };
		D21FCC3FDA09F0B725EDD32E /* Pods-eTVShow.release.xcconfig */ = {isa = PBXFileReference; includeInIndex = 1; lastKnownFileType = text.xcconfig; name = "Pods-eTVShow.release.xcconfig"; path = "Target Support Files/Pods-eTVShow/Pods-eTVShow.release.xcconfig"; sourceTree = "<group>"; };
		DE5C74CB68E7904D8A48637E /* Pods-eTVShow-eTVShowUITests.release.xcconfig */ = {isa = PBXFileReference; includeInIndex = 1; lastKnownFileType = text.xcconfig; name = "Pods-eTVShow-eTVShowUITests.release.xcconfig"; path = "Target Support Files/Pods-eTVShow-eTVShowUITests/Pods-eTVShow-eTVShowUITests.release.xcconfig"; sourceTree = "<group>"; };
/* End PBXFileReference section */

/* Begin PBXFrameworksBuildPhase section */
		B8AAB48F295676370008EC6D /* Frameworks */ = {
			isa = PBXFrameworksBuildPhase;
			buildActionMask = 2147483647;
			files = (
				83ADF91CED2701B9893556EE /* Pods_eTVShow.framework in Frameworks */,
			);
			runOnlyForDeploymentPostprocessing = 0;
		};
		B8AAB4A5295676390008EC6D /* Frameworks */ = {
			isa = PBXFrameworksBuildPhase;
			buildActionMask = 2147483647;
			files = (
				7719289849B668F1C4989CCB /* Pods_eTVShowTests.framework in Frameworks */,
			);
			runOnlyForDeploymentPostprocessing = 0;
		};
		B8AAB4AF295676390008EC6D /* Frameworks */ = {
			isa = PBXFrameworksBuildPhase;
			buildActionMask = 2147483647;
			files = (
				B9381E2151D55A91D30E15C9 /* Pods_eTVShow_eTVShowUITests.framework in Frameworks */,
			);
			runOnlyForDeploymentPostprocessing = 0;
		};
/* End PBXFrameworksBuildPhase section */

/* Begin PBXGroup section */
		AA36BE2CB8A906BCCF69EDB4 /* Pods */ = {
			isa = PBXGroup;
			children = (
				43F2AFA63BDE0459905D32A5 /* Pods-eTVShow.debug.xcconfig */,
				D21FCC3FDA09F0B725EDD32E /* Pods-eTVShow.release.xcconfig */,
				5E09B2A7378BE89209C28C4E /* Pods-eTVShow-eTVShowUITests.debug.xcconfig */,
				DE5C74CB68E7904D8A48637E /* Pods-eTVShow-eTVShowUITests.release.xcconfig */,
				25A6F616B4E503E42FA56AE1 /* Pods-eTVShowTests.debug.xcconfig */,
				9EE04FFC772F361769B0DA66 /* Pods-eTVShowTests.release.xcconfig */,
			);
			path = Pods;
			sourceTree = "<group>";
		};
		B86573E9295AB156003D437F /* Models */ = {
			isa = PBXGroup;
			children = (
				B86573EA295AB167003D437F /* CreatedBy.swift */,
				B86573EC295AB18C003D437F /* Season.swift */,
				B86573F1295AC497003D437F /* Cast.swift */,
			);
			path = Models;
			sourceTree = "<group>";
		};
		B86573EE295AC270003D437F /* ViewModel */ = {
			isa = PBXGroup;
			children = (
				B86573EF295AC287003D437F /* DetailViewViewModel.swift */,
			);
			path = ViewModel;
			sourceTree = "<group>";
		};
		B86573F3295AF338003D437F /* Episodes */ = {
			isa = PBXGroup;
			children = (
				B86573FC295B068C003D437F /* ViewModel */,
				B86573F7295AF500003D437F /* View */,
				B86573F4295AF34A003D437F /* Model */,
			);
			path = Episodes;
			sourceTree = "<group>";
		};
		B86573F4295AF34A003D437F /* Model */ = {
			isa = PBXGroup;
			children = (
				B86573F5295AF35B003D437F /* Episode.swift */,
			);
			path = Model;
			sourceTree = "<group>";
		};
		B86573F7295AF500003D437F /* View */ = {
			isa = PBXGroup;
			children = (
				B86573FA295AF532003D437F /* EpisodeView.swift */,
			);
			path = View;
			sourceTree = "<group>";
		};
		B86573FC295B068C003D437F /* ViewModel */ = {
			isa = PBXGroup;
			children = (
				B86573FD295B072D003D437F /* EpisodeViewModel.swift */,
			);
			path = ViewModel;
			sourceTree = "<group>";
		};
		B8AAB489295676370008EC6D = {
			isa = PBXGroup;
			children = (
				B8AAB494295676370008EC6D /* eTVShow */,
				B8AAB4AB295676390008EC6D /* eTVShowTests */,
				B8AAB4B5295676390008EC6D /* eTVShowUITests */,
				B8AAB493295676370008EC6D /* Products */,
				AA36BE2CB8A906BCCF69EDB4 /* Pods */,
				E5411135810AEC9CC5C91B94 /* Frameworks */,
			);
			sourceTree = "<group>";
		};
		B8AAB493295676370008EC6D /* Products */ = {
			isa = PBXGroup;
			children = (
				B8AAB492295676370008EC6D /* eTVShow.app */,
				B8AAB4A8295676390008EC6D /* eTVShowTests.xctest */,
				B8AAB4B2295676390008EC6D /* eTVShowUITests.xctest */,
			);
			name = Products;
			sourceTree = "<group>";
		};
		B8AAB494295676370008EC6D /* eTVShow */ = {
			isa = PBXGroup;
			children = (
				B86573F3295AF338003D437F /* Episodes */,
				B8AAB540295A6DE20008EC6D /* Detail */,
				B8AAB4F829579F990008EC6D /* Home */,
				B8AAB4F32956F44C0008EC6D /* LocalStorage */,
				B8AAB4E72956E1830008EC6D /* NetworkManager */,
				B8AAB4D8295693170008EC6D /* Utils */,
				B8AAB4C62956795E0008EC6D /* App */,
				B8AAB4CF295687220008EC6D /* Login */,
				B8AAB4C52956792D0008EC6D /* Splash */,
				B8AAB49E295676390008EC6D /* Assets.xcassets */,
				B8AAB4A0295676390008EC6D /* LaunchScreen.storyboard */,
				B8AAB4A3295676390008EC6D /* Info.plist */,
			);
			path = eTVShow;
			sourceTree = "<group>";
		};
		B8AAB4AB295676390008EC6D /* eTVShowTests */ = {
			isa = PBXGroup;
			children = (
				B8AAB4AC295676390008EC6D /* eTVShowTests.swift */,
			);
			path = eTVShowTests;
			sourceTree = "<group>";
		};
		B8AAB4B5295676390008EC6D /* eTVShowUITests */ = {
			isa = PBXGroup;
			children = (
				B8AAB4B6295676390008EC6D /* eTVShowUITests.swift */,
				B8AAB4B8295676390008EC6D /* eTVShowUITestsLaunchTests.swift */,
			);
			path = eTVShowUITests;
			sourceTree = "<group>";
		};
		B8AAB4C52956792D0008EC6D /* Splash */ = {
			isa = PBXGroup;
			children = (
				B8AAB4C929567AFE0008EC6D /* SplashPresenter.swift */,
				B8AAB4C7295679A10008EC6D /* SplashRouter.swift */,
				B8AAB4CB29567C500008EC6D /* SpashView.swift */,
			);
			path = Splash;
			sourceTree = "<group>";
		};
		B8AAB4C62956795E0008EC6D /* App */ = {
			isa = PBXGroup;
			children = (
				B8AAB495295676370008EC6D /* AppDelegate.swift */,
				B8AAB497295676370008EC6D /* SceneDelegate.swift */,
			);
			path = App;
			sourceTree = "<group>";
		};
		B8AAB4CF295687220008EC6D /* Login */ = {
			isa = PBXGroup;
			children = (
				B8AAB4EE2956E6250008EC6D /* Models */,
				B8AAB4E22956DC4C0008EC6D /* Presenter */,
				B8AAB4D0295687500008EC6D /* LoginRouter.swift */,
				B8AAB4D2295688370008EC6D /* LoginInteractor.swift */,
				B8AAB4D6295689CF0008EC6D /* LoginView.swift */,
			);
			path = Login;
			sourceTree = "<group>";
		};
		B8AAB4D8295693170008EC6D /* Utils */ = {
			isa = PBXGroup;
			children = (
				B8AAB4DC2956A07E0008EC6D /* Extensions */,
				B8AAB4D92956932A0008EC6D /* UI */,
			);
			path = Utils;
			sourceTree = "<group>";
		};
		B8AAB4D92956932A0008EC6D /* UI */ = {
			isa = PBXGroup;
			children = (
				B8AAB4DA2956933E0008EC6D /* TextFieldWithPadding.swift */,
			);
			path = UI;
			sourceTree = "<group>";
		};
		B8AAB4DC2956A07E0008EC6D /* Extensions */ = {
			isa = PBXGroup;
			children = (
				B8AAB4DD2956A09A0008EC6D /* UITextField+Combine.swift */,
				B8AAB4F12956F1530008EC6D /* UIViewController+AlertController.swift */,
			);
			path = Extensions;
			sourceTree = "<group>";
		};
		B8AAB4E22956DC4C0008EC6D /* Presenter */ = {
			isa = PBXGroup;
			children = (
				B8AAB4D42956891A0008EC6D /* LoginPresenter.swift */,
				B8AAB4E32956DC660008EC6D /* LoginPresenterOutput.swift */,
				B8AAB4E52956DCC70008EC6D /* LoginPresenterInput.swift */,
			);
			path = Presenter;
			sourceTree = "<group>";
		};
		B8AAB4E72956E1830008EC6D /* NetworkManager */ = {
			isa = PBXGroup;
			children = (
				B8AAB4E82956E1A30008EC6D /* NetworkResult.swift */,
				B8AAB4EA2956E1BF0008EC6D /* NetworkRouter.swift */,
				B8AAB4EC2956E20E0008EC6D /* NetworkManager.swift */,
			);
			path = NetworkManager;
			sourceTree = "<group>";
		};
		B8AAB4EE2956E6250008EC6D /* Models */ = {
			isa = PBXGroup;
			children = (
				B8AAB4EF2956E6380008EC6D /* TokenResponse.swift */,
			);
			path = Models;
			sourceTree = "<group>";
		};
		B8AAB4F32956F44C0008EC6D /* LocalStorage */ = {
			isa = PBXGroup;
			children = (
				B8AAB4F42956F4890008EC6D /* KeychainManager.swift */,
				B8AAB4F6295791550008EC6D /* Defaults.swift */,
			);
			path = LocalStorage;
			sourceTree = "<group>";
		};
		B8AAB4F829579F990008EC6D /* Home */ = {
			isa = PBXGroup;
			children = (
				B8AAB5072959907B0008EC6D /* View */,
				B8AAB504295978250008EC6D /* Models */,
				B8AAB4FD2957A1800008EC6D /* Presenter */,
				B8AAB4F929579FD80008EC6D /* HomeRouter.swift */,
				B8AAB4FB2957A0EA0008EC6D /* HomeInteractor.swift */,
			);
			path = Home;
			sourceTree = "<group>";
		};
		B8AAB4FD2957A1800008EC6D /* Presenter */ = {
			isa = PBXGroup;
			children = (
				B8AAB4FE2957A1940008EC6D /* HomePresenter.swift */,
				B8AAB5002957A5120008EC6D /* HomePresenterOutput.swift */,
				B8AAB5022957A55D0008EC6D /* HomePresenterInput.swift */,
			);
			path = Presenter;
			sourceTree = "<group>";
		};
		B8AAB504295978250008EC6D /* Models */ = {
			isa = PBXGroup;
			children = (
				B8AAB505295978320008EC6D /* TVShow.swift */,
			);
			path = Models;
			sourceTree = "<group>";
		};
		B8AAB5072959907B0008EC6D /* View */ = {
			isa = PBXGroup;
			children = (
				B8AAB4CD2956809C0008EC6D /* HomeView.swift */,
				B8AAB508295990CA0008EC6D /* CollectionView */,
			);
			path = View;
			sourceTree = "<group>";
		};
		B8AAB508295990CA0008EC6D /* CollectionView */ = {
			isa = PBXGroup;
			children = (
				B8AAB515295994A00008EC6D /* Cells */,
				B8AAB50C295992BC0008EC6D /* Binds */,
				B8AAB509295990EE0008EC6D /* ComposableSection */,
			);
			path = CollectionView;
			sourceTree = "<group>";
		};
		B8AAB509295990EE0008EC6D /* ComposableSection */ = {
			isa = PBXGroup;
			children = (
				B8AAB50F295993080008EC6D /* Extensions */,
				B8AAB50A295991100008EC6D /* ComposableSection.swift */,
			);
			path = ComposableSection;
			sourceTree = "<group>";
		};
		B8AAB50C295992BC0008EC6D /* Binds */ = {
			isa = PBXGroup;
			children = (
				B8AAB50D295992D80008EC6D /* ComposableSectionOutput.swift */,
			);
			path = Binds;
			sourceTree = "<group>";
		};
		B8AAB50F295993080008EC6D /* Extensions */ = {
			isa = PBXGroup;
			children = (
				B8AAB513295994410008EC6D /* ComposableSectionDataSource.swift */,
				B8AAB510295993260008EC6D /* ComposableSectionLayouts.swift */,
				B8AAB518295996560008EC6D /* ComposableSectionDelegate.swift */,
			);
			path = Extensions;
			sourceTree = "<group>";
		};
		B8AAB515295994A00008EC6D /* Cells */ = {
			isa = PBXGroup;
			children = (
				B8AAB516295994B60008EC6D /* TVShowCell.swift */,
			);
			path = Cells;
			sourceTree = "<group>";
		};
		B8AAB540295A6DE20008EC6D /* Detail */ = {
			isa = PBXGroup;
			children = (
				B86573EE295AC270003D437F /* ViewModel */,
				B86573E9295AB156003D437F /* Models */,
				B8AAB543295A6E580008EC6D /* View */,
			);
			path = Detail;
			sourceTree = "<group>";
		};
		B8AAB543295A6E580008EC6D /* View */ = {
			isa = PBXGroup;
			children = (
				B8AAB541295A6E370008EC6D /* DetailView.swift */,
				B8AAB544295A6E8A0008EC6D /* UIComponents.swift */,
			);
			path = View;
			sourceTree = "<group>";
		};
		E5411135810AEC9CC5C91B94 /* Frameworks */ = {
			isa = PBXGroup;
			children = (
				0645AA5EAEB899868A488629 /* Pods_eTVShow.framework */,
				3F090E88501AAF695FCC80F9 /* Pods_eTVShow_eTVShowUITests.framework */,
				3B65797EE118998B6E6843FC /* Pods_eTVShowTests.framework */,
			);
			name = Frameworks;
			sourceTree = "<group>";
		};
/* End PBXGroup section */

/* Begin PBXNativeTarget section */
		B8AAB491295676370008EC6D /* eTVShow */ = {
			isa = PBXNativeTarget;
			buildConfigurationList = B8AAB4BC295676390008EC6D /* Build configuration list for PBXNativeTarget "eTVShow" */;
			buildPhases = (
				62E9ED9864838136051B150B /* [CP] Check Pods Manifest.lock */,
				B8AAB48E295676370008EC6D /* Sources */,
				B8AAB48F295676370008EC6D /* Frameworks */,
				B8AAB490295676370008EC6D /* Resources */,
				B996F279D14DF0ECACF0F35A /* [CP] Embed Pods Frameworks */,
			);
			buildRules = (
			);
			dependencies = (
			);
			name = eTVShow;
			productName = eTVShow;
			productReference = B8AAB492295676370008EC6D /* eTVShow.app */;
			productType = "com.apple.product-type.application";
		};
		B8AAB4A7295676390008EC6D /* eTVShowTests */ = {
			isa = PBXNativeTarget;
			buildConfigurationList = B8AAB4BF295676390008EC6D /* Build configuration list for PBXNativeTarget "eTVShowTests" */;
			buildPhases = (
				F42ED190ABCA5CDEA2A25E86 /* [CP] Check Pods Manifest.lock */,
				B8AAB4A4295676390008EC6D /* Sources */,
				B8AAB4A5295676390008EC6D /* Frameworks */,
				B8AAB4A6295676390008EC6D /* Resources */,
			);
			buildRules = (
			);
			dependencies = (
				B8AAB4AA295676390008EC6D /* PBXTargetDependency */,
			);
			name = eTVShowTests;
			productName = eTVShowTests;
			productReference = B8AAB4A8295676390008EC6D /* eTVShowTests.xctest */;
			productType = "com.apple.product-type.bundle.unit-test";
		};
		B8AAB4B1295676390008EC6D /* eTVShowUITests */ = {
			isa = PBXNativeTarget;
			buildConfigurationList = B8AAB4C2295676390008EC6D /* Build configuration list for PBXNativeTarget "eTVShowUITests" */;
			buildPhases = (
				3F5215566CB68A6B635C0F78 /* [CP] Check Pods Manifest.lock */,
				B8AAB4AE295676390008EC6D /* Sources */,
				B8AAB4AF295676390008EC6D /* Frameworks */,
				B8AAB4B0295676390008EC6D /* Resources */,
				D5191C14C1CA67D19B0460A7 /* [CP] Embed Pods Frameworks */,
			);
			buildRules = (
			);
			dependencies = (
				B8AAB4B4295676390008EC6D /* PBXTargetDependency */,
			);
			name = eTVShowUITests;
			productName = eTVShowUITests;
			productReference = B8AAB4B2295676390008EC6D /* eTVShowUITests.xctest */;
			productType = "com.apple.product-type.bundle.ui-testing";
		};
/* End PBXNativeTarget section */

/* Begin PBXProject section */
		B8AAB48A295676370008EC6D /* Project object */ = {
			isa = PBXProject;
			attributes = {
				BuildIndependentTargetsInParallel = 1;
				LastSwiftUpdateCheck = 1410;
				LastUpgradeCheck = 1410;
				TargetAttributes = {
					B8AAB491295676370008EC6D = {
						CreatedOnToolsVersion = 14.1;
					};
					B8AAB4A7295676390008EC6D = {
						CreatedOnToolsVersion = 14.1;
						TestTargetID = B8AAB491295676370008EC6D;
					};
					B8AAB4B1295676390008EC6D = {
						CreatedOnToolsVersion = 14.1;
						TestTargetID = B8AAB491295676370008EC6D;
					};
				};
			};
			buildConfigurationList = B8AAB48D295676370008EC6D /* Build configuration list for PBXProject "eTVShow" */;
			compatibilityVersion = "Xcode 14.0";
			developmentRegion = en;
			hasScannedForEncodings = 0;
			knownRegions = (
				en,
				Base,
			);
			mainGroup = B8AAB489295676370008EC6D;
			productRefGroup = B8AAB493295676370008EC6D /* Products */;
			projectDirPath = "";
			projectRoot = "";
			targets = (
				B8AAB491295676370008EC6D /* eTVShow */,
				B8AAB4A7295676390008EC6D /* eTVShowTests */,
				B8AAB4B1295676390008EC6D /* eTVShowUITests */,
			);
		};
/* End PBXProject section */

/* Begin PBXResourcesBuildPhase section */
		B8AAB490295676370008EC6D /* Resources */ = {
			isa = PBXResourcesBuildPhase;
			buildActionMask = 2147483647;
			files = (
				B8AAB4A2295676390008EC6D /* LaunchScreen.storyboard in Resources */,
				B8AAB49F295676390008EC6D /* Assets.xcassets in Resources */,
			);
			runOnlyForDeploymentPostprocessing = 0;
		};
		B8AAB4A6295676390008EC6D /* Resources */ = {
			isa = PBXResourcesBuildPhase;
			buildActionMask = 2147483647;
			files = (
			);
			runOnlyForDeploymentPostprocessing = 0;
		};
		B8AAB4B0295676390008EC6D /* Resources */ = {
			isa = PBXResourcesBuildPhase;
			buildActionMask = 2147483647;
			files = (
			);
			runOnlyForDeploymentPostprocessing = 0;
		};
/* End PBXResourcesBuildPhase section */

/* Begin PBXShellScriptBuildPhase section */
		3F5215566CB68A6B635C0F78 /* [CP] Check Pods Manifest.lock */ = {
			isa = PBXShellScriptBuildPhase;
			buildActionMask = 2147483647;
			files = (
			);
			inputFileListPaths = (
			);
			inputPaths = (
				"${PODS_PODFILE_DIR_PATH}/Podfile.lock",
				"${PODS_ROOT}/Manifest.lock",
			);
			name = "[CP] Check Pods Manifest.lock";
			outputFileListPaths = (
			);
			outputPaths = (
				"$(DERIVED_FILE_DIR)/Pods-eTVShow-eTVShowUITests-checkManifestLockResult.txt",
			);
			runOnlyForDeploymentPostprocessing = 0;
			shellPath = /bin/sh;
			shellScript = "diff \"${PODS_PODFILE_DIR_PATH}/Podfile.lock\" \"${PODS_ROOT}/Manifest.lock\" > /dev/null\nif [ $? != 0 ] ; then\n    # print error to STDERR\n    echo \"error: The sandbox is not in sync with the Podfile.lock. Run 'pod install' or update your CocoaPods installation.\" >&2\n    exit 1\nfi\n# This output is used by Xcode 'outputs' to avoid re-running this script phase.\necho \"SUCCESS\" > \"${SCRIPT_OUTPUT_FILE_0}\"\n";
			showEnvVarsInLog = 0;
		};
		62E9ED9864838136051B150B /* [CP] Check Pods Manifest.lock */ = {
			isa = PBXShellScriptBuildPhase;
			buildActionMask = 2147483647;
			files = (
			);
			inputFileListPaths = (
			);
			inputPaths = (
				"${PODS_PODFILE_DIR_PATH}/Podfile.lock",
				"${PODS_ROOT}/Manifest.lock",
			);
			name = "[CP] Check Pods Manifest.lock";
			outputFileListPaths = (
			);
			outputPaths = (
				"$(DERIVED_FILE_DIR)/Pods-eTVShow-checkManifestLockResult.txt",
			);
			runOnlyForDeploymentPostprocessing = 0;
			shellPath = /bin/sh;
			shellScript = "diff \"${PODS_PODFILE_DIR_PATH}/Podfile.lock\" \"${PODS_ROOT}/Manifest.lock\" > /dev/null\nif [ $? != 0 ] ; then\n    # print error to STDERR\n    echo \"error: The sandbox is not in sync with the Podfile.lock. Run 'pod install' or update your CocoaPods installation.\" >&2\n    exit 1\nfi\n# This output is used by Xcode 'outputs' to avoid re-running this script phase.\necho \"SUCCESS\" > \"${SCRIPT_OUTPUT_FILE_0}\"\n";
			showEnvVarsInLog = 0;
		};
		B996F279D14DF0ECACF0F35A /* [CP] Embed Pods Frameworks */ = {
			isa = PBXShellScriptBuildPhase;
			buildActionMask = 2147483647;
			files = (
			);
			inputFileListPaths = (
				"${PODS_ROOT}/Target Support Files/Pods-eTVShow/Pods-eTVShow-frameworks-${CONFIGURATION}-input-files.xcfilelist",
			);
			name = "[CP] Embed Pods Frameworks";
			outputFileListPaths = (
				"${PODS_ROOT}/Target Support Files/Pods-eTVShow/Pods-eTVShow-frameworks-${CONFIGURATION}-output-files.xcfilelist",
			);
			runOnlyForDeploymentPostprocessing = 0;
			shellPath = /bin/sh;
			shellScript = "\"${PODS_ROOT}/Target Support Files/Pods-eTVShow/Pods-eTVShow-frameworks.sh\"\n";
			showEnvVarsInLog = 0;
		};
		D5191C14C1CA67D19B0460A7 /* [CP] Embed Pods Frameworks */ = {
			isa = PBXShellScriptBuildPhase;
			buildActionMask = 2147483647;
			files = (
			);
			inputFileListPaths = (
				"${PODS_ROOT}/Target Support Files/Pods-eTVShow-eTVShowUITests/Pods-eTVShow-eTVShowUITests-frameworks-${CONFIGURATION}-input-files.xcfilelist",
			);
			name = "[CP] Embed Pods Frameworks";
			outputFileListPaths = (
				"${PODS_ROOT}/Target Support Files/Pods-eTVShow-eTVShowUITests/Pods-eTVShow-eTVShowUITests-frameworks-${CONFIGURATION}-output-files.xcfilelist",
			);
			runOnlyForDeploymentPostprocessing = 0;
			shellPath = /bin/sh;
			shellScript = "\"${PODS_ROOT}/Target Support Files/Pods-eTVShow-eTVShowUITests/Pods-eTVShow-eTVShowUITests-frameworks.sh\"\n";
			showEnvVarsInLog = 0;
		};
		F42ED190ABCA5CDEA2A25E86 /* [CP] Check Pods Manifest.lock */ = {
			isa = PBXShellScriptBuildPhase;
			buildActionMask = 2147483647;
			files = (
			);
			inputFileListPaths = (
			);
			inputPaths = (
				"${PODS_PODFILE_DIR_PATH}/Podfile.lock",
				"${PODS_ROOT}/Manifest.lock",
			);
			name = "[CP] Check Pods Manifest.lock";
			outputFileListPaths = (
			);
			outputPaths = (
				"$(DERIVED_FILE_DIR)/Pods-eTVShowTests-checkManifestLockResult.txt",
			);
			runOnlyForDeploymentPostprocessing = 0;
			shellPath = /bin/sh;
			shellScript = "diff \"${PODS_PODFILE_DIR_PATH}/Podfile.lock\" \"${PODS_ROOT}/Manifest.lock\" > /dev/null\nif [ $? != 0 ] ; then\n    # print error to STDERR\n    echo \"error: The sandbox is not in sync with the Podfile.lock. Run 'pod install' or update your CocoaPods installation.\" >&2\n    exit 1\nfi\n# This output is used by Xcode 'outputs' to avoid re-running this script phase.\necho \"SUCCESS\" > \"${SCRIPT_OUTPUT_FILE_0}\"\n";
			showEnvVarsInLog = 0;
		};
/* End PBXShellScriptBuildPhase section */

/* Begin PBXSourcesBuildPhase section */
		B8AAB48E295676370008EC6D /* Sources */ = {
			isa = PBXSourcesBuildPhase;
			buildActionMask = 2147483647;
			files = (
				B8AAB4ED2956E20E0008EC6D /* NetworkManager.swift in Sources */,
				B86573ED295AB18C003D437F /* Season.swift in Sources */,
				B8AAB4F22956F1530008EC6D /* UIViewController+AlertController.swift in Sources */,
				B8AAB4DE2956A09A0008EC6D /* UITextField+Combine.swift in Sources */,
				B86573F2295AC497003D437F /* Cast.swift in Sources */,
				B8AAB4FC2957A0EA0008EC6D /* HomeInteractor.swift in Sources */,
				B8AAB514295994410008EC6D /* ComposableSectionDataSource.swift in Sources */,
				B86573EB295AB167003D437F /* CreatedBy.swift in Sources */,
				B8AAB4CC29567C500008EC6D /* SpashView.swift in Sources */,
				B8AAB4DB2956933E0008EC6D /* TextFieldWithPadding.swift in Sources */,
				B8AAB4E42956DC660008EC6D /* LoginPresenterOutput.swift in Sources */,
				B86573F0295AC287003D437F /* DetailViewViewModel.swift in Sources */,
				B8AAB4E62956DCC70008EC6D /* LoginPresenterInput.swift in Sources */,
				B8AAB4CE2956809C0008EC6D /* HomeView.swift in Sources */,
				B8AAB4F02956E6380008EC6D /* TokenResponse.swift in Sources */,
				B8AAB4E92956E1A30008EC6D /* NetworkResult.swift in Sources */,
				B86573FE295B072D003D437F /* EpisodeViewModel.swift in Sources */,
				B8AAB4FA29579FD80008EC6D /* HomeRouter.swift in Sources */,
				B8AAB4FF2957A1940008EC6D /* HomePresenter.swift in Sources */,
				B8AAB4CA29567AFE0008EC6D /* SplashPresenter.swift in Sources */,
				B8AAB511295993260008EC6D /* ComposableSectionLayouts.swift in Sources */,
				B8AAB4D52956891A0008EC6D /* LoginPresenter.swift in Sources */,
				B8AAB4C8295679A10008EC6D /* SplashRouter.swift in Sources */,
				B8AAB496295676370008EC6D /* AppDelegate.swift in Sources */,
				B8AAB542295A6E370008EC6D /* DetailView.swift in Sources */,
				B8AAB519295996560008EC6D /* ComposableSectionDelegate.swift in Sources */,
				B8AAB4D1295687500008EC6D /* LoginRouter.swift in Sources */,
				B8AAB4F52956F4890008EC6D /* KeychainManager.swift in Sources */,
				B8AAB5012957A5120008EC6D /* HomePresenterOutput.swift in Sources */,
				B8AAB517295994B60008EC6D /* TVShowCell.swift in Sources */,
				B8AAB50B295991110008EC6D /* ComposableSection.swift in Sources */,
				B86573FB295AF532003D437F /* EpisodeView.swift in Sources */,
				B8AAB4D7295689CF0008EC6D /* LoginView.swift in Sources */,
				B8AAB5032957A55D0008EC6D /* HomePresenterInput.swift in Sources */,
				B8AAB4EB2956E1BF0008EC6D /* NetworkRouter.swift in Sources */,
				B86573F6295AF35B003D437F /* Episode.swift in Sources */,
				B8AAB498295676370008EC6D /* SceneDelegate.swift in Sources */,
				B8AAB4D3295688370008EC6D /* LoginInteractor.swift in Sources */,
				B8AAB4F7295791550008EC6D /* Defaults.swift in Sources */,
				B8AAB50E295992D80008EC6D /* ComposableSectionOutput.swift in Sources */,
				B8AAB545295A6E8A0008EC6D /* UIComponents.swift in Sources */,
				B8AAB506295978320008EC6D /* TVShow.swift in Sources */,
			);
			runOnlyForDeploymentPostprocessing = 0;
		};
		B8AAB4A4295676390008EC6D /* Sources */ = {
			isa = PBXSourcesBuildPhase;
			buildActionMask = 2147483647;
			files = (
				B8AAB4AD295676390008EC6D /* eTVShowTests.swift in Sources */,
			);
			runOnlyForDeploymentPostprocessing = 0;
		};
		B8AAB4AE295676390008EC6D /* Sources */ = {
			isa = PBXSourcesBuildPhase;
			buildActionMask = 2147483647;
			files = (
				B8AAB4B7295676390008EC6D /* eTVShowUITests.swift in Sources */,
				B8AAB4B9295676390008EC6D /* eTVShowUITestsLaunchTests.swift in Sources */,
			);
			runOnlyForDeploymentPostprocessing = 0;
		};
/* End PBXSourcesBuildPhase section */

/* Begin PBXTargetDependency section */
		B8AAB4AA295676390008EC6D /* PBXTargetDependency */ = {
			isa = PBXTargetDependency;
			target = B8AAB491295676370008EC6D /* eTVShow */;
			targetProxy = B8AAB4A9295676390008EC6D /* PBXContainerItemProxy */;
		};
		B8AAB4B4295676390008EC6D /* PBXTargetDependency */ = {
			isa = PBXTargetDependency;
			target = B8AAB491295676370008EC6D /* eTVShow */;
			targetProxy = B8AAB4B3295676390008EC6D /* PBXContainerItemProxy */;
		};
/* End PBXTargetDependency section */

/* Begin PBXVariantGroup section */
		B8AAB4A0295676390008EC6D /* LaunchScreen.storyboard */ = {
			isa = PBXVariantGroup;
			children = (
				B8AAB4A1295676390008EC6D /* Base */,
			);
			name = LaunchScreen.storyboard;
			sourceTree = "<group>";
		};
/* End PBXVariantGroup section */

/* Begin XCBuildConfiguration section */
		B8AAB4BA295676390008EC6D /* Debug */ = {
			isa = XCBuildConfiguration;
			buildSettings = {
				ALWAYS_SEARCH_USER_PATHS = NO;
				CLANG_ANALYZER_NONNULL = YES;
				CLANG_ANALYZER_NUMBER_OBJECT_CONVERSION = YES_AGGRESSIVE;
				CLANG_CXX_LANGUAGE_STANDARD = "gnu++20";
				CLANG_ENABLE_MODULES = YES;
				CLANG_ENABLE_OBJC_ARC = YES;
				CLANG_ENABLE_OBJC_WEAK = YES;
				CLANG_WARN_BLOCK_CAPTURE_AUTORELEASING = YES;
				CLANG_WARN_BOOL_CONVERSION = YES;
				CLANG_WARN_COMMA = YES;
				CLANG_WARN_CONSTANT_CONVERSION = YES;
				CLANG_WARN_DEPRECATED_OBJC_IMPLEMENTATIONS = YES;
				CLANG_WARN_DIRECT_OBJC_ISA_USAGE = YES_ERROR;
				CLANG_WARN_DOCUMENTATION_COMMENTS = YES;
				CLANG_WARN_EMPTY_BODY = YES;
				CLANG_WARN_ENUM_CONVERSION = YES;
				CLANG_WARN_INFINITE_RECURSION = YES;
				CLANG_WARN_INT_CONVERSION = YES;
				CLANG_WARN_NON_LITERAL_NULL_CONVERSION = YES;
				CLANG_WARN_OBJC_IMPLICIT_RETAIN_SELF = YES;
				CLANG_WARN_OBJC_LITERAL_CONVERSION = YES;
				CLANG_WARN_OBJC_ROOT_CLASS = YES_ERROR;
				CLANG_WARN_QUOTED_INCLUDE_IN_FRAMEWORK_HEADER = YES;
				CLANG_WARN_RANGE_LOOP_ANALYSIS = YES;
				CLANG_WARN_STRICT_PROTOTYPES = YES;
				CLANG_WARN_SUSPICIOUS_MOVE = YES;
				CLANG_WARN_UNGUARDED_AVAILABILITY = YES_AGGRESSIVE;
				CLANG_WARN_UNREACHABLE_CODE = YES;
				CLANG_WARN__DUPLICATE_METHOD_MATCH = YES;
				COPY_PHASE_STRIP = NO;
				DEBUG_INFORMATION_FORMAT = dwarf;
				ENABLE_STRICT_OBJC_MSGSEND = YES;
				ENABLE_TESTABILITY = YES;
				GCC_C_LANGUAGE_STANDARD = gnu11;
				GCC_DYNAMIC_NO_PIC = NO;
				GCC_NO_COMMON_BLOCKS = YES;
				GCC_OPTIMIZATION_LEVEL = 0;
				GCC_PREPROCESSOR_DEFINITIONS = (
					"DEBUG=1",
					"$(inherited)",
				);
				GCC_WARN_64_TO_32_BIT_CONVERSION = YES;
				GCC_WARN_ABOUT_RETURN_TYPE = YES_ERROR;
				GCC_WARN_UNDECLARED_SELECTOR = YES;
				GCC_WARN_UNINITIALIZED_AUTOS = YES_AGGRESSIVE;
				GCC_WARN_UNUSED_FUNCTION = YES;
				GCC_WARN_UNUSED_VARIABLE = YES;
				IPHONEOS_DEPLOYMENT_TARGET = 16.1;
				MTL_ENABLE_DEBUG_INFO = INCLUDE_SOURCE;
				MTL_FAST_MATH = YES;
				ONLY_ACTIVE_ARCH = YES;
				SDKROOT = iphoneos;
				SWIFT_ACTIVE_COMPILATION_CONDITIONS = DEBUG;
				SWIFT_OPTIMIZATION_LEVEL = "-Onone";
			};
			name = Debug;
		};
		B8AAB4BB295676390008EC6D /* Release */ = {
			isa = XCBuildConfiguration;
			buildSettings = {
				ALWAYS_SEARCH_USER_PATHS = NO;
				CLANG_ANALYZER_NONNULL = YES;
				CLANG_ANALYZER_NUMBER_OBJECT_CONVERSION = YES_AGGRESSIVE;
				CLANG_CXX_LANGUAGE_STANDARD = "gnu++20";
				CLANG_ENABLE_MODULES = YES;
				CLANG_ENABLE_OBJC_ARC = YES;
				CLANG_ENABLE_OBJC_WEAK = YES;
				CLANG_WARN_BLOCK_CAPTURE_AUTORELEASING = YES;
				CLANG_WARN_BOOL_CONVERSION = YES;
				CLANG_WARN_COMMA = YES;
				CLANG_WARN_CONSTANT_CONVERSION = YES;
				CLANG_WARN_DEPRECATED_OBJC_IMPLEMENTATIONS = YES;
				CLANG_WARN_DIRECT_OBJC_ISA_USAGE = YES_ERROR;
				CLANG_WARN_DOCUMENTATION_COMMENTS = YES;
				CLANG_WARN_EMPTY_BODY = YES;
				CLANG_WARN_ENUM_CONVERSION = YES;
				CLANG_WARN_INFINITE_RECURSION = YES;
				CLANG_WARN_INT_CONVERSION = YES;
				CLANG_WARN_NON_LITERAL_NULL_CONVERSION = YES;
				CLANG_WARN_OBJC_IMPLICIT_RETAIN_SELF = YES;
				CLANG_WARN_OBJC_LITERAL_CONVERSION = YES;
				CLANG_WARN_OBJC_ROOT_CLASS = YES_ERROR;
				CLANG_WARN_QUOTED_INCLUDE_IN_FRAMEWORK_HEADER = YES;
				CLANG_WARN_RANGE_LOOP_ANALYSIS = YES;
				CLANG_WARN_STRICT_PROTOTYPES = YES;
				CLANG_WARN_SUSPICIOUS_MOVE = YES;
				CLANG_WARN_UNGUARDED_AVAILABILITY = YES_AGGRESSIVE;
				CLANG_WARN_UNREACHABLE_CODE = YES;
				CLANG_WARN__DUPLICATE_METHOD_MATCH = YES;
				COPY_PHASE_STRIP = NO;
				DEBUG_INFORMATION_FORMAT = "dwarf-with-dsym";
				ENABLE_NS_ASSERTIONS = NO;
				ENABLE_STRICT_OBJC_MSGSEND = YES;
				GCC_C_LANGUAGE_STANDARD = gnu11;
				GCC_NO_COMMON_BLOCKS = YES;
				GCC_WARN_64_TO_32_BIT_CONVERSION = YES;
				GCC_WARN_ABOUT_RETURN_TYPE = YES_ERROR;
				GCC_WARN_UNDECLARED_SELECTOR = YES;
				GCC_WARN_UNINITIALIZED_AUTOS = YES_AGGRESSIVE;
				GCC_WARN_UNUSED_FUNCTION = YES;
				GCC_WARN_UNUSED_VARIABLE = YES;
				IPHONEOS_DEPLOYMENT_TARGET = 16.1;
				MTL_ENABLE_DEBUG_INFO = NO;
				MTL_FAST_MATH = YES;
				SDKROOT = iphoneos;
				SWIFT_COMPILATION_MODE = wholemodule;
				SWIFT_OPTIMIZATION_LEVEL = "-O";
				VALIDATE_PRODUCT = YES;
			};
			name = Release;
		};
		B8AAB4BD295676390008EC6D /* Debug */ = {
			isa = XCBuildConfiguration;
			baseConfigurationReference = 43F2AFA63BDE0459905D32A5 /* Pods-eTVShow.debug.xcconfig */;
			buildSettings = {
				ASSETCATALOG_COMPILER_APPICON_NAME = AppIcon;
				ASSETCATALOG_COMPILER_GLOBAL_ACCENT_COLOR_NAME = AccentColor;
				CODE_SIGN_STYLE = Automatic;
				CURRENT_PROJECT_VERSION = 1;
				DEVELOPMENT_TEAM = 6K7VRQC2P5;
				GENERATE_INFOPLIST_FILE = YES;
				INFOPLIST_FILE = eTVShow/Info.plist;
				INFOPLIST_KEY_UIApplicationSupportsIndirectInputEvents = YES;
				INFOPLIST_KEY_UILaunchStoryboardName = LaunchScreen;
				INFOPLIST_KEY_UISupportedInterfaceOrientations_iPad = "UIInterfaceOrientationPortrait UIInterfaceOrientationPortraitUpsideDown UIInterfaceOrientationLandscapeLeft UIInterfaceOrientationLandscapeRight";
				INFOPLIST_KEY_UISupportedInterfaceOrientations_iPhone = "UIInterfaceOrientationPortrait UIInterfaceOrientationLandscapeLeft UIInterfaceOrientationLandscapeRight";
				LD_RUNPATH_SEARCH_PATHS = (
					"$(inherited)",
					"@executable_path/Frameworks",
				);
				MARKETING_VERSION = 1.0;
				PRODUCT_BUNDLE_IDENTIFIER = aldaDev.eTVShow;
				PRODUCT_NAME = "$(TARGET_NAME)";
				SWIFT_EMIT_LOC_STRINGS = YES;
				SWIFT_VERSION = 5.0;
				TARGETED_DEVICE_FAMILY = "1,2";
			};
			name = Debug;
		};
		B8AAB4BE295676390008EC6D /* Release */ = {
			isa = XCBuildConfiguration;
			baseConfigurationReference = D21FCC3FDA09F0B725EDD32E /* Pods-eTVShow.release.xcconfig */;
			buildSettings = {
				ASSETCATALOG_COMPILER_APPICON_NAME = AppIcon;
				ASSETCATALOG_COMPILER_GLOBAL_ACCENT_COLOR_NAME = AccentColor;
				CODE_SIGN_STYLE = Automatic;
				CURRENT_PROJECT_VERSION = 1;
				DEVELOPMENT_TEAM = 6K7VRQC2P5;
				GENERATE_INFOPLIST_FILE = YES;
				INFOPLIST_FILE = eTVShow/Info.plist;
				INFOPLIST_KEY_UIApplicationSupportsIndirectInputEvents = YES;
				INFOPLIST_KEY_UILaunchStoryboardName = LaunchScreen;
				INFOPLIST_KEY_UISupportedInterfaceOrientations_iPad = "UIInterfaceOrientationPortrait UIInterfaceOrientationPortraitUpsideDown UIInterfaceOrientationLandscapeLeft UIInterfaceOrientationLandscapeRight";
				INFOPLIST_KEY_UISupportedInterfaceOrientations_iPhone = "UIInterfaceOrientationPortrait UIInterfaceOrientationLandscapeLeft UIInterfaceOrientationLandscapeRight";
				LD_RUNPATH_SEARCH_PATHS = (
					"$(inherited)",
					"@executable_path/Frameworks",
				);
				MARKETING_VERSION = 1.0;
				PRODUCT_BUNDLE_IDENTIFIER = aldaDev.eTVShow;
				PRODUCT_NAME = "$(TARGET_NAME)";
				SWIFT_EMIT_LOC_STRINGS = YES;
				SWIFT_VERSION = 5.0;
				TARGETED_DEVICE_FAMILY = "1,2";
			};
			name = Release;
		};
		B8AAB4C0295676390008EC6D /* Debug */ = {
			isa = XCBuildConfiguration;
			baseConfigurationReference = 25A6F616B4E503E42FA56AE1 /* Pods-eTVShowTests.debug.xcconfig */;
			buildSettings = {
				ALWAYS_EMBED_SWIFT_STANDARD_LIBRARIES = YES;
				BUNDLE_LOADER = "$(TEST_HOST)";
				CODE_SIGN_STYLE = Automatic;
				CURRENT_PROJECT_VERSION = 1;
				DEVELOPMENT_TEAM = 6K7VRQC2P5;
				GENERATE_INFOPLIST_FILE = YES;
				IPHONEOS_DEPLOYMENT_TARGET = 16.1;
				MARKETING_VERSION = 1.0;
				PRODUCT_BUNDLE_IDENTIFIER = aldaDev.eTVShowTests;
				PRODUCT_NAME = "$(TARGET_NAME)";
				SWIFT_EMIT_LOC_STRINGS = NO;
				SWIFT_VERSION = 5.0;
				TARGETED_DEVICE_FAMILY = "1,2";
				TEST_HOST = "$(BUILT_PRODUCTS_DIR)/eTVShow.app/$(BUNDLE_EXECUTABLE_FOLDER_PATH)/eTVShow";
			};
			name = Debug;
		};
		B8AAB4C1295676390008EC6D /* Release */ = {
			isa = XCBuildConfiguration;
			baseConfigurationReference = 9EE04FFC772F361769B0DA66 /* Pods-eTVShowTests.release.xcconfig */;
			buildSettings = {
				ALWAYS_EMBED_SWIFT_STANDARD_LIBRARIES = YES;
				BUNDLE_LOADER = "$(TEST_HOST)";
				CODE_SIGN_STYLE = Automatic;
				CURRENT_PROJECT_VERSION = 1;
				DEVELOPMENT_TEAM = 6K7VRQC2P5;
				GENERATE_INFOPLIST_FILE = YES;
				IPHONEOS_DEPLOYMENT_TARGET = 16.1;
				MARKETING_VERSION = 1.0;
				PRODUCT_BUNDLE_IDENTIFIER = aldaDev.eTVShowTests;
				PRODUCT_NAME = "$(TARGET_NAME)";
				SWIFT_EMIT_LOC_STRINGS = NO;
				SWIFT_VERSION = 5.0;
				TARGETED_DEVICE_FAMILY = "1,2";
				TEST_HOST = "$(BUILT_PRODUCTS_DIR)/eTVShow.app/$(BUNDLE_EXECUTABLE_FOLDER_PATH)/eTVShow";
			};
			name = Release;
		};
		B8AAB4C3295676390008EC6D /* Debug */ = {
			isa = XCBuildConfiguration;
			baseConfigurationReference = 5E09B2A7378BE89209C28C4E /* Pods-eTVShow-eTVShowUITests.debug.xcconfig */;
			buildSettings = {
				ALWAYS_EMBED_SWIFT_STANDARD_LIBRARIES = YES;
				CODE_SIGN_STYLE = Automatic;
				CURRENT_PROJECT_VERSION = 1;
				DEVELOPMENT_TEAM = 6K7VRQC2P5;
				GENERATE_INFOPLIST_FILE = YES;
				MARKETING_VERSION = 1.0;
				PRODUCT_BUNDLE_IDENTIFIER = aldaDev.eTVShowUITests;
				PRODUCT_NAME = "$(TARGET_NAME)";
				SWIFT_EMIT_LOC_STRINGS = NO;
				SWIFT_VERSION = 5.0;
				TARGETED_DEVICE_FAMILY = "1,2";
				TEST_TARGET_NAME = eTVShow;
			};
			name = Debug;
		};
		B8AAB4C4295676390008EC6D /* Release */ = {
			isa = XCBuildConfiguration;
			baseConfigurationReference = DE5C74CB68E7904D8A48637E /* Pods-eTVShow-eTVShowUITests.release.xcconfig */;
			buildSettings = {
				ALWAYS_EMBED_SWIFT_STANDARD_LIBRARIES = YES;
				CODE_SIGN_STYLE = Automatic;
				CURRENT_PROJECT_VERSION = 1;
				DEVELOPMENT_TEAM = 6K7VRQC2P5;
				GENERATE_INFOPLIST_FILE = YES;
				MARKETING_VERSION = 1.0;
				PRODUCT_BUNDLE_IDENTIFIER = aldaDev.eTVShowUITests;
				PRODUCT_NAME = "$(TARGET_NAME)";
				SWIFT_EMIT_LOC_STRINGS = NO;
				SWIFT_VERSION = 5.0;
				TARGETED_DEVICE_FAMILY = "1,2";
				TEST_TARGET_NAME = eTVShow;
			};
			name = Release;
		};
/* End XCBuildConfiguration section */

/* Begin XCConfigurationList section */
		B8AAB48D295676370008EC6D /* Build configuration list for PBXProject "eTVShow" */ = {
			isa = XCConfigurationList;
			buildConfigurations = (
				B8AAB4BA295676390008EC6D /* Debug */,
				B8AAB4BB295676390008EC6D /* Release */,
			);
			defaultConfigurationIsVisible = 0;
			defaultConfigurationName = Release;
		};
		B8AAB4BC295676390008EC6D /* Build configuration list for PBXNativeTarget "eTVShow" */ = {
			isa = XCConfigurationList;
			buildConfigurations = (
				B8AAB4BD295676390008EC6D /* Debug */,
				B8AAB4BE295676390008EC6D /* Release */,
			);
			defaultConfigurationIsVisible = 0;
			defaultConfigurationName = Release;
		};
		B8AAB4BF295676390008EC6D /* Build configuration list for PBXNativeTarget "eTVShowTests" */ = {
			isa = XCConfigurationList;
			buildConfigurations = (
				B8AAB4C0295676390008EC6D /* Debug */,
				B8AAB4C1295676390008EC6D /* Release */,
			);
			defaultConfigurationIsVisible = 0;
			defaultConfigurationName = Release;
		};
		B8AAB4C2295676390008EC6D /* Build configuration list for PBXNativeTarget "eTVShowUITests" */ = {
			isa = XCConfigurationList;
			buildConfigurations = (
				B8AAB4C3295676390008EC6D /* Debug */,
				B8AAB4C4295676390008EC6D /* Release */,
			);
			defaultConfigurationIsVisible = 0;
			defaultConfigurationName = Release;
		};
/* End XCConfigurationList section */
	};
	rootObject = B8AAB48A295676370008EC6D /* Project object */;
}
